
Microsoft Visual Studio Solution File, Format Version 12.00
# Visual Studio 2012
Project("{FAE04EC0-301F-11D3-BF4B-00C04F79EFBC}") = "LeapYear", "LeapYear\LeapYear.csproj", "{4626A60C-EFA9-4B20-95F4-183879D5B41D}"
EndProject
Project("{FAE04EC0-301F-11D3-BF4B-00C04F79EFBC}") = "LeapYearTest", "LeapYearTest\LeapYearTest.csproj", "{9A1EC75D-F6BE-4DA0-873C-53E0B38D3D86}"
EndProject
Global
	GlobalSection(SolutionConfigurationPlatforms) = preSolution
		Debug|Any CPU = Debug|Any CPU
		Release|Any CPU = Release|Any CPU
	EndGlobalSection
	GlobalSection(ProjectConfigurationPlatforms) = postSolution
		{4626A60C-EFA9-4B20-95F4-183879D5B41D}.Debug|Any CPU.ActiveCfg = Debug|Any CPU
		{4626A60C-EFA9-4B20-95F4-183879D5B41D}.Debug|Any CPU.Build.0 = Debug|Any CPU
		{4626A60C-EFA9-4B20-95F4-183879D5B41D}.Release|Any CPU.ActiveCfg = Release|Any CPU
		{4626A60C-EFA9-4B20-95F4-183879D5B41D}.Release|Any CPU.Build.0 = Release|Any CPU
		{9A1EC75D-F6BE-4DA0-873C-53E0B38D3D86}.Debug|Any CPU.ActiveCfg = Debug|Any CPU
		{9A1EC75D-F6BE-4DA0-873C-53E0B38D3D86}.Debug|Any CPU.Build.0 = Debug|Any CPU
		{9A1EC75D-F6BE-4DA0-873C-53E0B38D3D86}.Release|Any CPU.ActiveCfg = Release|Any CPU
		{9A1EC75D-F6BE-4DA0-873C-53E0B38D3D86}.Release|Any CPU.Build.0 = Release|Any CPU
	EndGlobalSection
EndGlobal
